
Microsoft Visual Studio Solution File, Format Version 12.00
# Visual Studio 15
VisualStudioVersion = 15.0.28010.2041
MinimumVisualStudioVersion = 10.0.40219.1
Project("{FAE04EC0-301F-11D3-BF4B-00C04F79EFBC}") = "TheHiProgram", "TheHiProgram\TheHiProgram.csproj", "{6495C23A-6A35-49DF-BE16-857D0C1095BE}"
EndProject
Project("{FAE04EC0-301F-11D3-BF4B-00C04F79EFBC}") = "AgeAfter10Years", "AgeAfter10Years\AgeAfter10Years.csproj", "{ACCC42F3-066D-409C-A4CA-4838EE12EFAC}"
EndProject
Project("{FAE04EC0-301F-11D3-BF4B-00C04F79EFBC}") = "MyUniqueNumber", "MyUniqueNumber\MyUniqueNumber.csproj", "{C651C0BF-CCE8-443D-93AC-3A16D360A13A}"
EndProject
Global
	GlobalSection(SolutionConfigurationPlatforms) = preSolution
		Debug|ARM = Debug|ARM
		Debug|x64 = Debug|x64
		Debug|x86 = Debug|x86
		Release|ARM = Release|ARM
		Release|x64 = Release|x64
		Release|x86 = Release|x86
	EndGlobalSection
	GlobalSection(ProjectConfigurationPlatforms) = postSolution
		{6495C23A-6A35-49DF-BE16-857D0C1095BE}.Debug|ARM.ActiveCfg = Debug|ARM
		{6495C23A-6A35-49DF-BE16-857D0C1095BE}.Debug|ARM.Build.0 = Debug|ARM
		{6495C23A-6A35-49DF-BE16-857D0C1095BE}.Debug|ARM.Deploy.0 = Debug|ARM
		{6495C23A-6A35-49DF-BE16-857D0C1095BE}.Debug|x64.ActiveCfg = Debug|x64
		{6495C23A-6A35-49DF-BE16-857D0C1095BE}.Debug|x64.Build.0 = Debug|x64
		{6495C23A-6A35-49DF-BE16-857D0C1095BE}.Debug|x64.Deploy.0 = Debug|x64
		{6495C23A-6A35-49DF-BE16-857D0C1095BE}.Debug|x86.ActiveCfg = Debug|x86
		{6495C23A-6A35-49DF-BE16-857D0C1095BE}.Debug|x86.Build.0 = Debug|x86
		{6495C23A-6A35-49DF-BE16-857D0C1095BE}.Debug|x86.Deploy.0 = Debug|x86
		{6495C23A-6A35-49DF-BE16-857D0C1095BE}.Release|ARM.ActiveCfg = Release|ARM
		{6495C23A-6A35-49DF-BE16-857D0C1095BE}.Release|ARM.Build.0 = Release|ARM
		{6495C23A-6A35-49DF-BE16-857D0C1095BE}.Release|ARM.Deploy.0 = Release|ARM
		{6495C23A-6A35-49DF-BE16-857D0C1095BE}.Release|x64.ActiveCfg = Release|x64
		{6495C23A-6A35-49DF-BE16-857D0C1095BE}.Release|x64.Build.0 = Release|x64
		{6495C23A-6A35-49DF-BE16-857D0C1095BE}.Release|x64.Deploy.0 = Release|x64
		{6495C23A-6A35-49DF-BE16-857D0C1095BE}.Release|x86.ActiveCfg = Release|x86
		{6495C23A-6A35-49DF-BE16-857D0C1095BE}.Release|x86.Build.0 = Release|x86
		{6495C23A-6A35-49DF-BE16-857D0C1095BE}.Release|x86.Deploy.0 = Release|x86
		{ACCC42F3-066D-409C-A4CA-4838EE12EFAC}.Debug|ARM.ActiveCfg = Debug|ARM
		{ACCC42F3-066D-409C-A4CA-4838EE12EFAC}.Debug|ARM.Build.0 = Debug|ARM
		{ACCC42F3-066D-409C-A4CA-4838EE12EFAC}.Debug|ARM.Deploy.0 = Debug|ARM
		{ACCC42F3-066D-409C-A4CA-4838EE12EFAC}.Debug|x64.ActiveCfg = Debug|x64
		{ACCC42F3-066D-409C-A4CA-4838EE12EFAC}.Debug|x64.Build.0 = Debug|x64
		{ACCC42F3-066D-409C-A4CA-4838EE12EFAC}.Debug|x64.Deploy.0 = Debug|x64
		{ACCC42F3-066D-409C-A4CA-4838EE12EFAC}.Debug|x86.ActiveCfg = Debug|x86
		{ACCC42F3-066D-409C-A4CA-4838EE12EFAC}.Debug|x86.Build.0 = Debug|x86
		{ACCC42F3-066D-409C-A4CA-4838EE12EFAC}.Debug|x86.Deploy.0 = Debug|x86
		{ACCC42F3-066D-409C-A4CA-4838EE12EFAC}.Release|ARM.ActiveCfg = Release|ARM
		{ACCC42F3-066D-409C-A4CA-4838EE12EFAC}.Release|ARM.Build.0 = Release|ARM
		{ACCC42F3-066D-409C-A4CA-4838EE12EFAC}.Release|ARM.Deploy.0 = Release|ARM
		{ACCC42F3-066D-409C-A4CA-4838EE12EFAC}.Release|x64.ActiveCfg = Release|x64
		{ACCC42F3-066D-409C-A4CA-4838EE12EFAC}.Release|x64.Build.0 = Release|x64
		{ACCC42F3-066D-409C-A4CA-4838EE12EFAC}.Release|x64.Deploy.0 = Release|x64
		{ACCC42F3-066D-409C-A4CA-4838EE12EFAC}.Release|x86.ActiveCfg = Release|x86
		{ACCC42F3-066D-409C-A4CA-4838EE12EFAC}.Release|x86.Build.0 = Release|x86
		{ACCC42F3-066D-409C-A4CA-4838EE12EFAC}.Release|x86.Deploy.0 = Release|x86
		{C651C0BF-CCE8-443D-93AC-3A16D360A13A}.Debug|ARM.ActiveCfg = Debug|ARM
		{C651C0BF-CCE8-443D-93AC-3A16D360A13A}.Debug|ARM.Build.0 = Debug|ARM
		{C651C0BF-CCE8-443D-93AC-3A16D360A13A}.Debug|ARM.Deploy.0 = Debug|ARM
		{C651C0BF-CCE8-443D-93AC-3A16D360A13A}.Debug|x64.ActiveCfg = Debug|x64
		{C651C0BF-CCE8-443D-93AC-3A16D360A13A}.Debug|x64.Build.0 = Debug|x64
		{C651C0BF-CCE8-443D-93AC-3A16D360A13A}.Debug|x64.Deploy.0 = Debug|x64
		{C651C0BF-CCE8-443D-93AC-3A16D360A13A}.Debug|x86.ActiveCfg = Debug|x86
		{C651C0BF-CCE8-443D-93AC-3A16D360A13A}.Debug|x86.Build.0 = Debug|x86
		{C651C0BF-CCE8-443D-93AC-3A16D360A13A}.Debug|x86.Deploy.0 = Debug|x86
		{C651C0BF-CCE8-443D-93AC-3A16D360A13A}.Release|ARM.ActiveCfg = Release|ARM
		{C651C0BF-CCE8-443D-93AC-3A16D360A13A}.Release|ARM.Build.0 = Release|ARM
		{C651C0BF-CCE8-443D-93AC-3A16D360A13A}.Release|ARM.Deploy.0 = Release|ARM
		{C651C0BF-CCE8-443D-93AC-3A16D360A13A}.Release|x64.ActiveCfg = Release|x64
		{C651C0BF-CCE8-443D-93AC-3A16D360A13A}.Release|x64.Build.0 = Release|x64
		{C651C0BF-CCE8-443D-93AC-3A16D360A13A}.Release|x64.Deploy.0 = Release|x64
		{C651C0BF-CCE8-443D-93AC-3A16D360A13A}.Release|x86.ActiveCfg = Release|x86
		{C651C0BF-CCE8-443D-93AC-3A16D360A13A}.Release|x86.Build.0 = Release|x86
		{C651C0BF-CCE8-443D-93AC-3A16D360A13A}.Release|x86.Deploy.0 = Release|x86
	EndGlobalSection
	GlobalSection(SolutionProperties) = preSolution
		HideSolutionNode = FALSE
	EndGlobalSection
	GlobalSection(ExtensibilityGlobals) = postSolution
		SolutionGuid = {CB6CA9A7-47A9-4B08-969B-805A536DB9F4}
	EndGlobalSection
EndGlobal
