
Microsoft Visual Studio Solution File, Format Version 12.00
# Visual Studio 15
VisualStudioVersion = 15.0.28010.2041
MinimumVisualStudioVersion = 10.0.40219.1
Project("{FAE04EC0-301F-11D3-BF4B-00C04F79EFBC}") = "TheHiProgram", "TheHiProgram\TheHiProgram.csproj", "{6495C23A-6A35-49DF-BE16-857D0C1095BE}"
EndProject
Project("{FAE04EC0-301F-11D3-BF4B-00C04F79EFBC}") = "AgeAfter10Years", "AgeAfter10Years\AgeAfter10Years.csproj", "{ACCC42F3-066D-409C-A4CA-4838EE12EFAC}"
EndProject
Project("{FAE04EC0-301F-11D3-BF4B-00C04F79EFBC}") = "FindFourthDigitInNumber", "FindFourthDigitInNumber\FindFourthDigitInNumber.csproj", "{364D11FB-7330-4C05-80F1-0645E2C8F34E}"
EndProject
Project("{FAE04EC0-301F-11D3-BF4B-00C04F79EFBC}") = "TravellingToSunWithSoundSpeed", "TravellingToSunWithSoundSpeed\TravellingToSunWithSoundSpeed.csproj", "{F98B8E12-7249-4B5D-AFC4-209D9084BF76}"
EndProject
Project("{FAE04EC0-301F-11D3-BF4B-00C04F79EFBC}") = "CalculateWeightInTheSolarSystem", "CalculateWeightInTheSolarSystem\CalculateWeightInTheSolarSystem.csproj", "{ED7208D4-DA66-48F7-A6A2-C460251130C2}"
EndProject
Project("{FAE04EC0-301F-11D3-BF4B-00C04F79EFBC}") = "MyUniqueNumber", "MyUniqueNumber\MyUniqueNumber.csproj", "{28F12088-39A5-4F14-8A4F-A8200FBE69D9}"
EndProject
Project("{FAE04EC0-301F-11D3-BF4B-00C04F79EFBC}") = "DecartCoordinates", "DecartCoordinates\DecartCoordinates.csproj", "{E01C8529-F664-48DE-93F1-363010124D53}"
EndProject
Project("{FAE04EC0-301F-11D3-BF4B-00C04F79EFBC}") = "BusTicketLuckyNumber", "BusTicketLuckyNumber\BusTicketLuckyNumber.csproj", "{4F474A08-60C9-4440-9468-33CD8E4BBBBD}"
EndProject
Project("{2150E333-8FDC-42A3-9474-1A3956D46DE8}") = "H1", "H1", "{F20301D2-AA5B-4386-AA3B-807C79277332}"
EndProject
Project("{2150E333-8FDC-42A3-9474-1A3956D46DE8}") = "H2", "H2", "{E193F39F-1F2D-4CA0-B6C3-04C34D342815}"
EndProject
Project("{2150E333-8FDC-42A3-9474-1A3956D46DE8}") = "H3", "H3", "{25238F6C-39B9-4BF2-832F-525867004C29}"
EndProject
Project("{FAE04EC0-301F-11D3-BF4B-00C04F79EFBC}") = "MiserPiggy", "MiserPiggy\MiserPiggy.csproj", "{1AB6784D-D2F0-42CD-9E57-18400BF90246}"
EndProject
Project("{FAE04EC0-301F-11D3-BF4B-00C04F79EFBC}") = "SimpleDeckOfCards", "SimpleDeckOfCards\SimpleDeckOfCards.csproj", "{6F84D84D-14D1-46C1-BD6B-7F17BA655C55}"
EndProject
Global
	GlobalSection(SolutionConfigurationPlatforms) = preSolution
		Debug|ARM = Debug|ARM
		Debug|x64 = Debug|x64
		Debug|x86 = Debug|x86
		Release|ARM = Release|ARM
		Release|x64 = Release|x64
		Release|x86 = Release|x86
	EndGlobalSection
	GlobalSection(ProjectConfigurationPlatforms) = postSolution
		{6495C23A-6A35-49DF-BE16-857D0C1095BE}.Debug|ARM.ActiveCfg = Debug|ARM
		{6495C23A-6A35-49DF-BE16-857D0C1095BE}.Debug|ARM.Build.0 = Debug|ARM
		{6495C23A-6A35-49DF-BE16-857D0C1095BE}.Debug|ARM.Deploy.0 = Debug|ARM
		{6495C23A-6A35-49DF-BE16-857D0C1095BE}.Debug|x64.ActiveCfg = Debug|x64
		{6495C23A-6A35-49DF-BE16-857D0C1095BE}.Debug|x64.Build.0 = Debug|x64
		{6495C23A-6A35-49DF-BE16-857D0C1095BE}.Debug|x64.Deploy.0 = Debug|x64
		{6495C23A-6A35-49DF-BE16-857D0C1095BE}.Debug|x86.ActiveCfg = Debug|x86
		{6495C23A-6A35-49DF-BE16-857D0C1095BE}.Debug|x86.Build.0 = Debug|x86
		{6495C23A-6A35-49DF-BE16-857D0C1095BE}.Debug|x86.Deploy.0 = Debug|x86
		{6495C23A-6A35-49DF-BE16-857D0C1095BE}.Release|ARM.ActiveCfg = Release|ARM
		{6495C23A-6A35-49DF-BE16-857D0C1095BE}.Release|ARM.Build.0 = Release|ARM
		{6495C23A-6A35-49DF-BE16-857D0C1095BE}.Release|ARM.Deploy.0 = Release|ARM
		{6495C23A-6A35-49DF-BE16-857D0C1095BE}.Release|x64.ActiveCfg = Release|x64
		{6495C23A-6A35-49DF-BE16-857D0C1095BE}.Release|x64.Build.0 = Release|x64
		{6495C23A-6A35-49DF-BE16-857D0C1095BE}.Release|x64.Deploy.0 = Release|x64
		{6495C23A-6A35-49DF-BE16-857D0C1095BE}.Release|x86.ActiveCfg = Release|x86
		{6495C23A-6A35-49DF-BE16-857D0C1095BE}.Release|x86.Build.0 = Release|x86
		{6495C23A-6A35-49DF-BE16-857D0C1095BE}.Release|x86.Deploy.0 = Release|x86
		{ACCC42F3-066D-409C-A4CA-4838EE12EFAC}.Debug|ARM.ActiveCfg = Debug|ARM
		{ACCC42F3-066D-409C-A4CA-4838EE12EFAC}.Debug|ARM.Build.0 = Debug|ARM
		{ACCC42F3-066D-409C-A4CA-4838EE12EFAC}.Debug|ARM.Deploy.0 = Debug|ARM
		{ACCC42F3-066D-409C-A4CA-4838EE12EFAC}.Debug|x64.ActiveCfg = Debug|x64
		{ACCC42F3-066D-409C-A4CA-4838EE12EFAC}.Debug|x64.Build.0 = Debug|x64
		{ACCC42F3-066D-409C-A4CA-4838EE12EFAC}.Debug|x64.Deploy.0 = Debug|x64
		{ACCC42F3-066D-409C-A4CA-4838EE12EFAC}.Debug|x86.ActiveCfg = Debug|x86
		{ACCC42F3-066D-409C-A4CA-4838EE12EFAC}.Debug|x86.Build.0 = Debug|x86
		{ACCC42F3-066D-409C-A4CA-4838EE12EFAC}.Debug|x86.Deploy.0 = Debug|x86
		{ACCC42F3-066D-409C-A4CA-4838EE12EFAC}.Release|ARM.ActiveCfg = Release|ARM
		{ACCC42F3-066D-409C-A4CA-4838EE12EFAC}.Release|ARM.Build.0 = Release|ARM
		{ACCC42F3-066D-409C-A4CA-4838EE12EFAC}.Release|ARM.Deploy.0 = Release|ARM
		{ACCC42F3-066D-409C-A4CA-4838EE12EFAC}.Release|x64.ActiveCfg = Release|x64
		{ACCC42F3-066D-409C-A4CA-4838EE12EFAC}.Release|x64.Build.0 = Release|x64
		{ACCC42F3-066D-409C-A4CA-4838EE12EFAC}.Release|x64.Deploy.0 = Release|x64
		{ACCC42F3-066D-409C-A4CA-4838EE12EFAC}.Release|x86.ActiveCfg = Release|x86
		{ACCC42F3-066D-409C-A4CA-4838EE12EFAC}.Release|x86.Build.0 = Release|x86
		{ACCC42F3-066D-409C-A4CA-4838EE12EFAC}.Release|x86.Deploy.0 = Release|x86
		{364D11FB-7330-4C05-80F1-0645E2C8F34E}.Debug|ARM.ActiveCfg = Debug|ARM
		{364D11FB-7330-4C05-80F1-0645E2C8F34E}.Debug|ARM.Build.0 = Debug|ARM
		{364D11FB-7330-4C05-80F1-0645E2C8F34E}.Debug|ARM.Deploy.0 = Debug|ARM
		{364D11FB-7330-4C05-80F1-0645E2C8F34E}.Debug|x64.ActiveCfg = Debug|x64
		{364D11FB-7330-4C05-80F1-0645E2C8F34E}.Debug|x64.Build.0 = Debug|x64
		{364D11FB-7330-4C05-80F1-0645E2C8F34E}.Debug|x64.Deploy.0 = Debug|x64
		{364D11FB-7330-4C05-80F1-0645E2C8F34E}.Debug|x86.ActiveCfg = Debug|x86
		{364D11FB-7330-4C05-80F1-0645E2C8F34E}.Debug|x86.Build.0 = Debug|x86
		{364D11FB-7330-4C05-80F1-0645E2C8F34E}.Debug|x86.Deploy.0 = Debug|x86
		{364D11FB-7330-4C05-80F1-0645E2C8F34E}.Release|ARM.ActiveCfg = Release|ARM
		{364D11FB-7330-4C05-80F1-0645E2C8F34E}.Release|ARM.Build.0 = Release|ARM
		{364D11FB-7330-4C05-80F1-0645E2C8F34E}.Release|ARM.Deploy.0 = Release|ARM
		{364D11FB-7330-4C05-80F1-0645E2C8F34E}.Release|x64.ActiveCfg = Release|x64
		{364D11FB-7330-4C05-80F1-0645E2C8F34E}.Release|x64.Build.0 = Release|x64
		{364D11FB-7330-4C05-80F1-0645E2C8F34E}.Release|x64.Deploy.0 = Release|x64
		{364D11FB-7330-4C05-80F1-0645E2C8F34E}.Release|x86.ActiveCfg = Release|x86
		{364D11FB-7330-4C05-80F1-0645E2C8F34E}.Release|x86.Build.0 = Release|x86
		{364D11FB-7330-4C05-80F1-0645E2C8F34E}.Release|x86.Deploy.0 = Release|x86
		{F98B8E12-7249-4B5D-AFC4-209D9084BF76}.Debug|ARM.ActiveCfg = Debug|ARM
		{F98B8E12-7249-4B5D-AFC4-209D9084BF76}.Debug|ARM.Build.0 = Debug|ARM
		{F98B8E12-7249-4B5D-AFC4-209D9084BF76}.Debug|ARM.Deploy.0 = Debug|ARM
		{F98B8E12-7249-4B5D-AFC4-209D9084BF76}.Debug|x64.ActiveCfg = Debug|x64
		{F98B8E12-7249-4B5D-AFC4-209D9084BF76}.Debug|x64.Build.0 = Debug|x64
		{F98B8E12-7249-4B5D-AFC4-209D9084BF76}.Debug|x64.Deploy.0 = Debug|x64
		{F98B8E12-7249-4B5D-AFC4-209D9084BF76}.Debug|x86.ActiveCfg = Debug|x86
		{F98B8E12-7249-4B5D-AFC4-209D9084BF76}.Debug|x86.Build.0 = Debug|x86
		{F98B8E12-7249-4B5D-AFC4-209D9084BF76}.Debug|x86.Deploy.0 = Debug|x86
		{F98B8E12-7249-4B5D-AFC4-209D9084BF76}.Release|ARM.ActiveCfg = Release|ARM
		{F98B8E12-7249-4B5D-AFC4-209D9084BF76}.Release|ARM.Build.0 = Release|ARM
		{F98B8E12-7249-4B5D-AFC4-209D9084BF76}.Release|ARM.Deploy.0 = Release|ARM
		{F98B8E12-7249-4B5D-AFC4-209D9084BF76}.Release|x64.ActiveCfg = Release|x64
		{F98B8E12-7249-4B5D-AFC4-209D9084BF76}.Release|x64.Build.0 = Release|x64
		{F98B8E12-7249-4B5D-AFC4-209D9084BF76}.Release|x64.Deploy.0 = Release|x64
		{F98B8E12-7249-4B5D-AFC4-209D9084BF76}.Release|x86.ActiveCfg = Release|x86
		{F98B8E12-7249-4B5D-AFC4-209D9084BF76}.Release|x86.Build.0 = Release|x86
		{F98B8E12-7249-4B5D-AFC4-209D9084BF76}.Release|x86.Deploy.0 = Release|x86
		{ED7208D4-DA66-48F7-A6A2-C460251130C2}.Debug|ARM.ActiveCfg = Debug|ARM
		{ED7208D4-DA66-48F7-A6A2-C460251130C2}.Debug|ARM.Build.0 = Debug|ARM
		{ED7208D4-DA66-48F7-A6A2-C460251130C2}.Debug|ARM.Deploy.0 = Debug|ARM
		{ED7208D4-DA66-48F7-A6A2-C460251130C2}.Debug|x64.ActiveCfg = Debug|x64
		{ED7208D4-DA66-48F7-A6A2-C460251130C2}.Debug|x64.Build.0 = Debug|x64
		{ED7208D4-DA66-48F7-A6A2-C460251130C2}.Debug|x64.Deploy.0 = Debug|x64
		{ED7208D4-DA66-48F7-A6A2-C460251130C2}.Debug|x86.ActiveCfg = Debug|x86
		{ED7208D4-DA66-48F7-A6A2-C460251130C2}.Debug|x86.Build.0 = Debug|x86
		{ED7208D4-DA66-48F7-A6A2-C460251130C2}.Debug|x86.Deploy.0 = Debug|x86
		{ED7208D4-DA66-48F7-A6A2-C460251130C2}.Release|ARM.ActiveCfg = Release|ARM
		{ED7208D4-DA66-48F7-A6A2-C460251130C2}.Release|ARM.Build.0 = Release|ARM
		{ED7208D4-DA66-48F7-A6A2-C460251130C2}.Release|ARM.Deploy.0 = Release|ARM
		{ED7208D4-DA66-48F7-A6A2-C460251130C2}.Release|x64.ActiveCfg = Release|x64
		{ED7208D4-DA66-48F7-A6A2-C460251130C2}.Release|x64.Build.0 = Release|x64
		{ED7208D4-DA66-48F7-A6A2-C460251130C2}.Release|x64.Deploy.0 = Release|x64
		{ED7208D4-DA66-48F7-A6A2-C460251130C2}.Release|x86.ActiveCfg = Release|x86
		{ED7208D4-DA66-48F7-A6A2-C460251130C2}.Release|x86.Build.0 = Release|x86
		{ED7208D4-DA66-48F7-A6A2-C460251130C2}.Release|x86.Deploy.0 = Release|x86
		{28F12088-39A5-4F14-8A4F-A8200FBE69D9}.Debug|ARM.ActiveCfg = Debug|ARM
		{28F12088-39A5-4F14-8A4F-A8200FBE69D9}.Debug|ARM.Build.0 = Debug|ARM
		{28F12088-39A5-4F14-8A4F-A8200FBE69D9}.Debug|ARM.Deploy.0 = Debug|ARM
		{28F12088-39A5-4F14-8A4F-A8200FBE69D9}.Debug|x64.ActiveCfg = Debug|x64
		{28F12088-39A5-4F14-8A4F-A8200FBE69D9}.Debug|x64.Build.0 = Debug|x64
		{28F12088-39A5-4F14-8A4F-A8200FBE69D9}.Debug|x64.Deploy.0 = Debug|x64
		{28F12088-39A5-4F14-8A4F-A8200FBE69D9}.Debug|x86.ActiveCfg = Debug|x86
		{28F12088-39A5-4F14-8A4F-A8200FBE69D9}.Debug|x86.Build.0 = Debug|x86
		{28F12088-39A5-4F14-8A4F-A8200FBE69D9}.Debug|x86.Deploy.0 = Debug|x86
		{28F12088-39A5-4F14-8A4F-A8200FBE69D9}.Release|ARM.ActiveCfg = Release|ARM
		{28F12088-39A5-4F14-8A4F-A8200FBE69D9}.Release|ARM.Build.0 = Release|ARM
		{28F12088-39A5-4F14-8A4F-A8200FBE69D9}.Release|ARM.Deploy.0 = Release|ARM
		{28F12088-39A5-4F14-8A4F-A8200FBE69D9}.Release|x64.ActiveCfg = Release|x64
		{28F12088-39A5-4F14-8A4F-A8200FBE69D9}.Release|x64.Build.0 = Release|x64
		{28F12088-39A5-4F14-8A4F-A8200FBE69D9}.Release|x64.Deploy.0 = Release|x64
		{28F12088-39A5-4F14-8A4F-A8200FBE69D9}.Release|x86.ActiveCfg = Release|x86
		{28F12088-39A5-4F14-8A4F-A8200FBE69D9}.Release|x86.Build.0 = Release|x86
		{28F12088-39A5-4F14-8A4F-A8200FBE69D9}.Release|x86.Deploy.0 = Release|x86
		{E01C8529-F664-48DE-93F1-363010124D53}.Debug|ARM.ActiveCfg = Debug|ARM
		{E01C8529-F664-48DE-93F1-363010124D53}.Debug|ARM.Build.0 = Debug|ARM
		{E01C8529-F664-48DE-93F1-363010124D53}.Debug|ARM.Deploy.0 = Debug|ARM
		{E01C8529-F664-48DE-93F1-363010124D53}.Debug|x64.ActiveCfg = Debug|x64
		{E01C8529-F664-48DE-93F1-363010124D53}.Debug|x64.Build.0 = Debug|x64
		{E01C8529-F664-48DE-93F1-363010124D53}.Debug|x64.Deploy.0 = Debug|x64
		{E01C8529-F664-48DE-93F1-363010124D53}.Debug|x86.ActiveCfg = Debug|x86
		{E01C8529-F664-48DE-93F1-363010124D53}.Debug|x86.Build.0 = Debug|x86
		{E01C8529-F664-48DE-93F1-363010124D53}.Debug|x86.Deploy.0 = Debug|x86
		{E01C8529-F664-48DE-93F1-363010124D53}.Release|ARM.ActiveCfg = Release|ARM
		{E01C8529-F664-48DE-93F1-363010124D53}.Release|ARM.Build.0 = Release|ARM
		{E01C8529-F664-48DE-93F1-363010124D53}.Release|ARM.Deploy.0 = Release|ARM
		{E01C8529-F664-48DE-93F1-363010124D53}.Release|x64.ActiveCfg = Release|x64
		{E01C8529-F664-48DE-93F1-363010124D53}.Release|x64.Build.0 = Release|x64
		{E01C8529-F664-48DE-93F1-363010124D53}.Release|x64.Deploy.0 = Release|x64
		{E01C8529-F664-48DE-93F1-363010124D53}.Release|x86.ActiveCfg = Release|x86
		{E01C8529-F664-48DE-93F1-363010124D53}.Release|x86.Build.0 = Release|x86
		{E01C8529-F664-48DE-93F1-363010124D53}.Release|x86.Deploy.0 = Release|x86
		{4F474A08-60C9-4440-9468-33CD8E4BBBBD}.Debug|ARM.ActiveCfg = Debug|ARM
		{4F474A08-60C9-4440-9468-33CD8E4BBBBD}.Debug|ARM.Build.0 = Debug|ARM
		{4F474A08-60C9-4440-9468-33CD8E4BBBBD}.Debug|ARM.Deploy.0 = Debug|ARM
		{4F474A08-60C9-4440-9468-33CD8E4BBBBD}.Debug|x64.ActiveCfg = Debug|x64
		{4F474A08-60C9-4440-9468-33CD8E4BBBBD}.Debug|x64.Build.0 = Debug|x64
		{4F474A08-60C9-4440-9468-33CD8E4BBBBD}.Debug|x64.Deploy.0 = Debug|x64
		{4F474A08-60C9-4440-9468-33CD8E4BBBBD}.Debug|x86.ActiveCfg = Debug|x86
		{4F474A08-60C9-4440-9468-33CD8E4BBBBD}.Debug|x86.Build.0 = Debug|x86
		{4F474A08-60C9-4440-9468-33CD8E4BBBBD}.Debug|x86.Deploy.0 = Debug|x86
		{4F474A08-60C9-4440-9468-33CD8E4BBBBD}.Release|ARM.ActiveCfg = Release|ARM
		{4F474A08-60C9-4440-9468-33CD8E4BBBBD}.Release|ARM.Build.0 = Release|ARM
		{4F474A08-60C9-4440-9468-33CD8E4BBBBD}.Release|ARM.Deploy.0 = Release|ARM
		{4F474A08-60C9-4440-9468-33CD8E4BBBBD}.Release|x64.ActiveCfg = Release|x64
		{4F474A08-60C9-4440-9468-33CD8E4BBBBD}.Release|x64.Build.0 = Release|x64
		{4F474A08-60C9-4440-9468-33CD8E4BBBBD}.Release|x64.Deploy.0 = Release|x64
		{4F474A08-60C9-4440-9468-33CD8E4BBBBD}.Release|x86.ActiveCfg = Release|x86
		{4F474A08-60C9-4440-9468-33CD8E4BBBBD}.Release|x86.Build.0 = Release|x86
		{4F474A08-60C9-4440-9468-33CD8E4BBBBD}.Release|x86.Deploy.0 = Release|x86
		{1AB6784D-D2F0-42CD-9E57-18400BF90246}.Debug|ARM.ActiveCfg = Debug|ARM
		{1AB6784D-D2F0-42CD-9E57-18400BF90246}.Debug|ARM.Build.0 = Debug|ARM
		{1AB6784D-D2F0-42CD-9E57-18400BF90246}.Debug|ARM.Deploy.0 = Debug|ARM
		{1AB6784D-D2F0-42CD-9E57-18400BF90246}.Debug|x64.ActiveCfg = Debug|x64
		{1AB6784D-D2F0-42CD-9E57-18400BF90246}.Debug|x64.Build.0 = Debug|x64
		{1AB6784D-D2F0-42CD-9E57-18400BF90246}.Debug|x64.Deploy.0 = Debug|x64
		{1AB6784D-D2F0-42CD-9E57-18400BF90246}.Debug|x86.ActiveCfg = Debug|x86
		{1AB6784D-D2F0-42CD-9E57-18400BF90246}.Debug|x86.Build.0 = Debug|x86
		{1AB6784D-D2F0-42CD-9E57-18400BF90246}.Debug|x86.Deploy.0 = Debug|x86
		{1AB6784D-D2F0-42CD-9E57-18400BF90246}.Release|ARM.ActiveCfg = Release|ARM
		{1AB6784D-D2F0-42CD-9E57-18400BF90246}.Release|ARM.Build.0 = Release|ARM
		{1AB6784D-D2F0-42CD-9E57-18400BF90246}.Release|ARM.Deploy.0 = Release|ARM
		{1AB6784D-D2F0-42CD-9E57-18400BF90246}.Release|x64.ActiveCfg = Release|x64
		{1AB6784D-D2F0-42CD-9E57-18400BF90246}.Release|x64.Build.0 = Release|x64
		{1AB6784D-D2F0-42CD-9E57-18400BF90246}.Release|x64.Deploy.0 = Release|x64
		{1AB6784D-D2F0-42CD-9E57-18400BF90246}.Release|x86.ActiveCfg = Release|x86
		{1AB6784D-D2F0-42CD-9E57-18400BF90246}.Release|x86.Build.0 = Release|x86
		{1AB6784D-D2F0-42CD-9E57-18400BF90246}.Release|x86.Deploy.0 = Release|x86
		{6F84D84D-14D1-46C1-BD6B-7F17BA655C55}.Debug|ARM.ActiveCfg = Debug|ARM
		{6F84D84D-14D1-46C1-BD6B-7F17BA655C55}.Debug|ARM.Build.0 = Debug|ARM
		{6F84D84D-14D1-46C1-BD6B-7F17BA655C55}.Debug|ARM.Deploy.0 = Debug|ARM
		{6F84D84D-14D1-46C1-BD6B-7F17BA655C55}.Debug|x64.ActiveCfg = Debug|x64
		{6F84D84D-14D1-46C1-BD6B-7F17BA655C55}.Debug|x64.Build.0 = Debug|x64
		{6F84D84D-14D1-46C1-BD6B-7F17BA655C55}.Debug|x64.Deploy.0 = Debug|x64
		{6F84D84D-14D1-46C1-BD6B-7F17BA655C55}.Debug|x86.ActiveCfg = Debug|x86
		{6F84D84D-14D1-46C1-BD6B-7F17BA655C55}.Debug|x86.Build.0 = Debug|x86
		{6F84D84D-14D1-46C1-BD6B-7F17BA655C55}.Debug|x86.Deploy.0 = Debug|x86
		{6F84D84D-14D1-46C1-BD6B-7F17BA655C55}.Release|ARM.ActiveCfg = Release|ARM
		{6F84D84D-14D1-46C1-BD6B-7F17BA655C55}.Release|ARM.Build.0 = Release|ARM
		{6F84D84D-14D1-46C1-BD6B-7F17BA655C55}.Release|ARM.Deploy.0 = Release|ARM
		{6F84D84D-14D1-46C1-BD6B-7F17BA655C55}.Release|x64.ActiveCfg = Release|x64
		{6F84D84D-14D1-46C1-BD6B-7F17BA655C55}.Release|x64.Build.0 = Release|x64
		{6F84D84D-14D1-46C1-BD6B-7F17BA655C55}.Release|x64.Deploy.0 = Release|x64
		{6F84D84D-14D1-46C1-BD6B-7F17BA655C55}.Release|x86.ActiveCfg = Release|x86
		{6F84D84D-14D1-46C1-BD6B-7F17BA655C55}.Release|x86.Build.0 = Release|x86
		{6F84D84D-14D1-46C1-BD6B-7F17BA655C55}.Release|x86.Deploy.0 = Release|x86
	EndGlobalSection
	GlobalSection(SolutionProperties) = preSolution
		HideSolutionNode = FALSE
	EndGlobalSection
	GlobalSection(NestedProjects) = preSolution
		{6495C23A-6A35-49DF-BE16-857D0C1095BE} = {F20301D2-AA5B-4386-AA3B-807C79277332}
		{ACCC42F3-066D-409C-A4CA-4838EE12EFAC} = {F20301D2-AA5B-4386-AA3B-807C79277332}
		{364D11FB-7330-4C05-80F1-0645E2C8F34E} = {E193F39F-1F2D-4CA0-B6C3-04C34D342815}
		{F98B8E12-7249-4B5D-AFC4-209D9084BF76} = {E193F39F-1F2D-4CA0-B6C3-04C34D342815}
		{ED7208D4-DA66-48F7-A6A2-C460251130C2} = {E193F39F-1F2D-4CA0-B6C3-04C34D342815}
		{28F12088-39A5-4F14-8A4F-A8200FBE69D9} = {F20301D2-AA5B-4386-AA3B-807C79277332}
		{E01C8529-F664-48DE-93F1-363010124D53} = {E193F39F-1F2D-4CA0-B6C3-04C34D342815}
		{4F474A08-60C9-4440-9468-33CD8E4BBBBD} = {25238F6C-39B9-4BF2-832F-525867004C29}
		{1AB6784D-D2F0-42CD-9E57-18400BF90246} = {25238F6C-39B9-4BF2-832F-525867004C29}
		{6F84D84D-14D1-46C1-BD6B-7F17BA655C55} = {25238F6C-39B9-4BF2-832F-525867004C29}
	EndGlobalSection
	GlobalSection(ExtensibilityGlobals) = postSolution
		SolutionGuid = {CB6CA9A7-47A9-4B08-969B-805A536DB9F4}
	EndGlobalSection
EndGlobal
